
Microsoft Visual Studio Solution File, Format Version 12.00
# Visual Studio Version 17
VisualStudioVersion = 17.0.31903.59
MinimumVisualStudioVersion = 10.0.40219.1
Project("{FAE04EC0-301F-11D3-BF4B-00C04F79EFBC}") = "Sicon.CrossCutMessaging.UnitTest", "Sicon.CrossCutMessaging\Sicon.CrossCutMessaging.UnitTest.csproj", "{FEB563C2-F8AE-4A8A-A5D3-3ACE3CF15479}"
EndProject
Global
	GlobalSection(SolutionConfigurationPlatforms) = preSolution
		Debug|Any CPU = Debug|Any CPU
		Release|Any CPU = Release|Any CPU
	EndGlobalSection
	GlobalSection(ProjectConfigurationPlatforms) = postSolution
		{FEB563C2-F8AE-4A8A-A5D3-3ACE3CF15479}.Debug|Any CPU.ActiveCfg = Debug|Any CPU
		{FEB563C2-F8AE-4A8A-A5D3-3ACE3CF15479}.Debug|Any CPU.Build.0 = Debug|Any CPU
		{FEB563C2-F8AE-4A8A-A5D3-3ACE3CF15479}.Release|Any CPU.ActiveCfg = Release|Any CPU
		{FEB563C2-F8AE-4A8A-A5D3-3ACE3CF15479}.Release|Any CPU.Build.0 = Release|Any CPU
	EndGlobalSection
	GlobalSection(SolutionProperties) = preSolution
		HideSolutionNode = FALSE
	EndGlobalSection
	GlobalSection(ExtensibilityGlobals) = postSolution
		SolutionGuid = {D5921388-C67B-408F-9CD8-3FC83B06E30E}
	EndGlobalSection
EndGlobal
